<?xml version="1.0" encoding="utf-8"?>
<Project ToolsVersion="4.0" xmlns="http://schemas.microsoft.com/developer/msbuild/2003">
  <ItemGroup>
    <Filter Include="ソース ファイル">
      <UniqueIdentifier>{4FC737F1-C7A5-4376-A066-2A32D752A2FF}</UniqueIdentifier>
      <Extensions>cpp;c;cc;cxx;c++;cppm;ixx;def;odl;idl;hpj;bat;asm;asmx</Extensions>
    </Filter>
    <Filter Include="ヘッダー ファイル">
      <UniqueIdentifier>{93995380-89BD-4b04-88EB-625FBE52EBFB}</UniqueIdentifier>
      <Extensions>h;hh;hpp;hxx;h++;hm;inl;inc;ipp;xsd</Extensions>
    </Filter>
    <Filter Include="リソース ファイル">
      <UniqueIdentifier>{67DA6AB6-F800-4c08-8B7A-83BB121AAD01}</UniqueIdentifier>
      <Extensions>rc;ico;cur;bmp;dlg;rc2;rct;bin;rgs;gif;jpg;jpeg;jpe;resx;tiff;tif;png;wav;mfcribbon-ms</Extensions>
    </Filter>
    <Filter Include="ソース ファイル\FrameWork">
      <UniqueIdentifier>{b1e660a7-325a-4b57-8dc1-18392dd9334e}</UniqueIdentifier>
    </Filter>
    <Filter Include="ヘッダー ファイル\FrameWork">
      <UniqueIdentifier>{d22f4360-000c-41f0-a685-8afdf5e66212}</UniqueIdentifier>
    </Filter>
    <Filter Include="ソース ファイル\Entity">
      <UniqueIdentifier>{bdcce9fc-3a5d-440a-bf02-5ff19d8621ca}</UniqueIdentifier>
    </Filter>
    <Filter Include="ヘッダー ファイル\Entity">
      <UniqueIdentifier>{441bcf55-bb6a-4e55-b3d6-331239bf0eaa}</UniqueIdentifier>
    </Filter>
    <Filter Include="ソース ファイル\Entity\UI">
      <UniqueIdentifier>{ff371e08-eef1-458c-8b88-2d5af6737340}</UniqueIdentifier>
    </Filter>
    <Filter Include="ヘッダー ファイル\Entity\UI">
      <UniqueIdentifier>{e62a4c02-6b02-4035-8f2e-32371d7eda23}</UniqueIdentifier>
    </Filter>
  </ItemGroup>
  <ItemGroup>
    <ClCompile Include="src\Main.cpp">
      <Filter>ソース ファイル</Filter>
    </ClCompile>
    <ClCompile Include="src\FrameWork\Game.cpp">
      <Filter>ソース ファイル\FrameWork</Filter>
    </ClCompile>
    <ClCompile Include="src\FrameWork\Controller.cpp">
      <Filter>ソース ファイル\FrameWork</Filter>
    </ClCompile>
    <ClCompile Include="src\Entity\Object.cpp">
      <Filter>ソース ファイル\Entity</Filter>
    </ClCompile>
    <ClCompile Include="src\Entity\Shape.cpp">
      <Filter>ソース ファイル\Entity</Filter>
    </ClCompile>
    <ClCompile Include="src\Entity\UI\Back.cpp">
      <Filter>ソース ファイル\Entity\UI</Filter>
    </ClCompile>
    <ClCompile Include="src\Entity\UI\Button.cpp">
      <Filter>ソース ファイル\Entity\UI</Filter>
    </ClCompile>
  </ItemGroup>
  <ItemGroup>
    <ClInclude Include="src\FrameWork\Game.h">
      <Filter>ヘッダー ファイル\FrameWork</Filter>
    </ClInclude>
    <ClInclude Include="src\FrameWork\Controller.h">
      <Filter>ヘッダー ファイル\FrameWork</Filter>
    </ClInclude>
    <ClInclude Include="src\Entity\Object.h">
      <Filter>ヘッダー ファイル\Entity</Filter>
    </ClInclude>
    <ClInclude Include="src\Entity\Shape.h">
      <Filter>ヘッダー ファイル\Entity</Filter>
    </ClInclude>
    <ClInclude Include="src\Define.h">
      <Filter>ヘッダー ファイル</Filter>
    </ClInclude>
    <ClInclude Include="src\Entity\UI\Back.h">
      <Filter>ヘッダー ファイル\Entity\UI</Filter>
    </ClInclude>
    <ClInclude Include="src\Entity\UI\Button.h">
      <Filter>ヘッダー ファイル\Entity\UI</Filter>
    </ClInclude>
  </ItemGroup>
</Project>